# This is a Gradle generated file for dependency locking.
# Manual edits can break the build and are not advised.
# This file is expected to be part of source control.
ch.qos.logback:logback-classic:1.5.22=runtimeClasspath
ch.qos.logback:logback-core:1.5.22=runtimeClasspath
com.dynatrace.hash4j:hash4j:0.22.0=runtimeClasspath
com.fasterxml.jackson.core:jackson-annotations:2.19.0=runtimeClasspath
com.fasterxml.jackson.core:jackson-core:2.19.0=runtimeClasspath
com.fasterxml.jackson.core:jackson-databind:2.19.0=runtimeClasspath
com.fasterxml.jackson.dataformat:jackson-dataformat-csv:2.19.0=runtimeClasspath
com.fasterxml.jackson.dataformat:jackson-dataformat-yaml:2.19.0=runtimeClasspath
com.fasterxml.jackson.datatype:jackson-datatype-jdk8:2.19.0=runtimeClasspath
com.fasterxml.jackson:jackson-bom:2.19.0=runtimeClasspath
com.github.ben-manes.caffeine:caffeine:3.2.0=runtimeClasspath
com.github.luben:zstd-jni:1.5.6-10=runtimeClasspath
com.google.re2j:re2j:1.8=runtimeClasspath
com.typesafe.scala-logging:scala-logging_2.13:3.9.5=runtimeClasspath
com.yammer.metrics:metrics-core:2.2.0=runtimeClasspath
commons-beanutils:commons-beanutils:1.9.4=runtimeClasspath
commons-collections:commons-collections:3.2.2=runtimeClasspath
commons-digester:commons-digester:2.1=runtimeClasspath
commons-logging:commons-logging:1.3.5=compileClasspath,runtimeClasspath
commons-validator:commons-validator:1.9.0=runtimeClasspath
io.micrometer:micrometer-commons:1.16.1=compileClasspath,runtimeClasspath
io.micrometer:micrometer-observation:1.16.1=compileClasspath,runtimeClasspath
net.sf.jopt-simple:jopt-simple:5.0.4=runtimeClasspath
net.sourceforge.argparse4j:argparse4j:0.7.0=runtimeClasspath
org.apache.kafka:kafka-clients:4.1.1=compileClasspath,runtimeClasspath
org.apache.kafka:kafka-coordinator-common:4.1.1=runtimeClasspath
org.apache.kafka:kafka-group-coordinator-api:4.1.1=runtimeClasspath
org.apache.kafka:kafka-group-coordinator:4.1.1=runtimeClasspath
org.apache.kafka:kafka-metadata:4.1.1=compileClasspath,runtimeClasspath
org.apache.kafka:kafka-raft:4.1.1=runtimeClasspath
org.apache.kafka:kafka-server-common:4.1.1=compileClasspath,runtimeClasspath
org.apache.kafka:kafka-server:4.1.1=compileClasspath,runtimeClasspath
org.apache.kafka:kafka-share-coordinator:4.1.1=runtimeClasspath
org.apache.kafka:kafka-storage-api:4.1.1=runtimeClasspath
org.apache.kafka:kafka-storage:4.1.1=runtimeClasspath
org.apache.kafka:kafka-streams-test-utils:4.1.1=compileClasspath,runtimeClasspath
org.apache.kafka:kafka-streams:4.1.1=compileClasspath,runtimeClasspath
org.apache.kafka:kafka-test-common-internal-api:4.1.1=runtimeClasspath
org.apache.kafka:kafka-test-common-runtime:4.1.1=compileClasspath,runtimeClasspath
org.apache.kafka:kafka-tools-api:4.1.1=runtimeClasspath
org.apache.kafka:kafka-transaction-coordinator:4.1.1=runtimeClasspath
org.apache.kafka:kafka_2.13:4.1.1=compileClasspath,runtimeClasspath
org.apache.logging.log4j:log4j-api:2.24.3=runtimeClasspath
org.apache.logging.log4j:log4j-core:2.24.3=runtimeClasspath
org.apiguardian:apiguardian-api:1.1.2=compileClasspath
org.bitbucket.b_c:jose4j:0.9.6=runtimeClasspath
org.hdrhistogram:HdrHistogram:2.2.2=runtimeClasspath
org.jspecify:jspecify:1.0.0=compileClasspath,runtimeClasspath
org.junit.jupiter:junit-jupiter-api:6.0.1=compileClasspath,runtimeClasspath
org.junit.jupiter:junit-jupiter-engine:6.0.1=runtimeClasspath
org.junit.jupiter:junit-jupiter-params:6.0.1=runtimeClasspath
org.junit.jupiter:junit-jupiter:6.0.1=runtimeClasspath
org.junit.platform:junit-platform-commons:6.0.1=compileClasspath,runtimeClasspath
org.junit.platform:junit-platform-engine:6.0.1=compileClasspath,runtimeClasspath
org.junit.platform:junit-platform-launcher:6.0.1=compileClasspath,runtimeClasspath
org.junit:junit-bom:6.0.1=compileClasspath,runtimeClasspath
org.lz4:lz4-java:1.8.0=runtimeClasspath
org.opentest4j:opentest4j:1.3.0=compileClasspath,runtimeClasspath
org.pcollections:pcollections:4.0.2=runtimeClasspath
org.rocksdb:rocksdbjni:9.7.3=compileClasspath,runtimeClasspath
org.scala-lang:scala-library:2.13.16=compileClasspath,runtimeClasspath
org.scala-lang:scala-reflect:2.13.16=runtimeClasspath
org.slf4j:slf4j-api:2.0.17=compileClasspath,runtimeClasspath
org.springframework.kafka:spring-kafka-test:4.0.1=compileClasspath,runtimeClasspath
org.springframework:spring-aop:7.0.2=compileClasspath,runtimeClasspath
org.springframework:spring-beans:7.0.2=compileClasspath,runtimeClasspath
org.springframework:spring-context:7.0.2=compileClasspath,runtimeClasspath
org.springframework:spring-core:7.0.2=compileClasspath,runtimeClasspath
org.springframework:spring-expression:7.0.2=compileClasspath,runtimeClasspath
org.springframework:spring-test:7.0.2=compileClasspath,runtimeClasspath
org.xerial.snappy:snappy-java:1.1.10.7=runtimeClasspath
org.yaml:snakeyaml:2.4=runtimeClasspath
empty=annotationProcessor
